# This file was autogenerated by Stack.
# You should not edit this file by hand.
# For more information, please see the documentation at:
#   https://docs.haskellstack.org/en/stable/lock_files

packages:
- completed:
    cabal-file:
      size: 1751
      sha256: a024b37f71e43eefe28451eb73a5ec057fd0513f1aabbb2c91daf47e033d54d0
    name: hs-yesod-model-generator
    version: 0.0.0
    git: https://github.com/agreif/hs-yesod-model-generator.git
    pantry-tree:
      size: 1812
      sha256: eb60068d8d4ad84c11d2a97d0d0e4521dd1ff748887be2f68c15017ba2593423
    commit: 6d92d4bc71beb0aa4f49fbb9bd63763f7204ea16
  original:
    git: https://github.com/agreif/hs-yesod-model-generator.git
    commit: 6d92d4bc71beb0aa4f49fbb9bd63763f7204ea16
- completed:
    hackage: pwstore-fast-2.4.4@sha256:9b6a37510d8b9f37f409a8ab3babac9181afcaaa3fce8ba1c131a7ed3de30698,1351
    pantry-tree:
      size: 270
      sha256: ff4a44ede62515efe5cd366a5803f7183c811c4a0cf56eea88da94181c4844c0
  original:
    hackage: pwstore-fast-2.4.4@sha256:9b6a37510d8b9f37f409a8ab3babac9181afcaaa3fce8ba1c131a7ed3de30698,1351
snapshots:
- completed:
    size: 524154
    url: https://raw.githubusercontent.com/commercialhaskell/stackage-snapshots/master/lts/14/20.yaml
    sha256: 2f5099f69ddb6abfe64400fe1e6a604e8e628f55e6837211cd70a81eb0a8fa4d
  original: lts-14.20
