# This file was autogenerated by Stack.
# You should not edit this file by hand.
# For more information, please see the documentation at:
#   https://docs.haskellstack.org/en/stable/lock_files

packages:
- completed:
    cabal-file:
      size: 1751
      sha256: a024b37f71e43eefe28451eb73a5ec057fd0513f1aabbb2c91daf47e033d54d0
    name: hs-yesod-model-generator
    version: 0.0.0
    git: https://github.com/agreif/hs-yesod-model-generator.git
    pantry-tree:
      size: 1757
      sha256: 517ab412fea35117af0cbbcbfc11b673fbef250731bff44d1e36e050d380f32d
    commit: 1a56b5614b8ecbe46b0f150db702e34f994124c6
  original:
    git: https://github.com/agreif/hs-yesod-model-generator.git
    commit: 1a56b5614b8ecbe46b0f150db702e34f994124c6
- completed:
    hackage: pwstore-fast-2.4.4@sha256:9b6a37510d8b9f37f409a8ab3babac9181afcaaa3fce8ba1c131a7ed3de30698,1351
    pantry-tree:
      size: 270
      sha256: ff4a44ede62515efe5cd366a5803f7183c811c4a0cf56eea88da94181c4844c0
  original:
    hackage: pwstore-fast-2.4.4@sha256:9b6a37510d8b9f37f409a8ab3babac9181afcaaa3fce8ba1c131a7ed3de30698,1351
snapshots:
- completed:
    size: 524155
    url: https://raw.githubusercontent.com/commercialhaskell/stackage-snapshots/master/lts/14/19.yaml
    sha256: 9f79f6494473c9b46911364b94c4b5ef19ca8d35ebf62e46697cf651f198ee19
  original: lts-14.19
