# This file was autogenerated by Stack.
# You should not edit this file by hand.
# For more information, please see the documentation at:
#   https://docs.haskellstack.org/en/stable/lock_files

packages:
- completed:
    cabal-file:
      size: 1751
      sha256: a024b37f71e43eefe28451eb73a5ec057fd0513f1aabbb2c91daf47e033d54d0
    name: hs-yesod-model-generator
    version: 0.0.0
    git: https://github.com/agreif/hs-yesod-model-generator.git
    pantry-tree:
      size: 1812
      sha256: 4888a6d1865db4be480905bc5cafd60700b05099943e05e83dad7182755477ad
    commit: 9e6b03ab791d64450d8b38913570bd6959e304ef
  original:
    git: https://github.com/agreif/hs-yesod-model-generator.git
    commit: 9e6b03ab791d64450d8b38913570bd6959e304ef
- completed:
    hackage: pwstore-fast-2.4.4@sha256:9b6a37510d8b9f37f409a8ab3babac9181afcaaa3fce8ba1c131a7ed3de30698,1351
    pantry-tree:
      size: 270
      sha256: ff4a44ede62515efe5cd366a5803f7183c811c4a0cf56eea88da94181c4844c0
  original:
    hackage: pwstore-fast-2.4.4@sha256:9b6a37510d8b9f37f409a8ab3babac9181afcaaa3fce8ba1c131a7ed3de30698,1351
snapshots:
- completed:
    size: 524996
    url: https://raw.githubusercontent.com/commercialhaskell/stackage-snapshots/master/lts/14/27.yaml
    sha256: 7ea31a280c56bf36ff591a7397cc384d0dff622e7f9e4225b47d8980f019a0f0
  original: lts-14.27
